
Microsoft Visual Studio Solution File, Format Version 12.00
# Visual Studio 2013
VisualStudioVersion = 12.0.31101.0
MinimumVisualStudioVersion = 10.0.40219.1
Project("{F2A71F9B-5D33-465A-A702-920D77279786}") = "Tutorial", "Tutorial\Tutorial.fsproj", "{7F5E1D8D-2848-446B-960F-D9A23427332A}"
EndProject
Global
	GlobalSection(SolutionConfigurationPlatforms) = preSolution
		Debug|Any CPU = Debug|Any CPU
		Release|Any CPU = Release|Any CPU
	EndGlobalSection
	GlobalSection(ProjectConfigurationPlatforms) = postSolution
		{7F5E1D8D-2848-446B-960F-D9A23427332A}.Debug|Any CPU.ActiveCfg = Debug|Any CPU
		{7F5E1D8D-2848-446B-960F-D9A23427332A}.Debug|Any CPU.Build.0 = Debug|Any CPU
		{7F5E1D8D-2848-446B-960F-D9A23427332A}.Release|Any CPU.ActiveCfg = Release|Any CPU
		{7F5E1D8D-2848-446B-960F-D9A23427332A}.Release|Any CPU.Build.0 = Release|Any CPU
	EndGlobalSection
	GlobalSection(SolutionProperties) = preSolution
		HideSolutionNode = FALSE
	EndGlobalSection
EndGlobal
